
Microsoft Visual Studio Solution File, Format Version 12.00
# Visual Studio Version 17
VisualStudioVersion = 17.9.34728.123
MinimumVisualStudioVersion = 10.0.40219.1
Project("{9A19103F-16F7-4668-BE54-9A1E7A4F7556}") = "zadanie12_13", "zadanie12_13\zadanie12_13.csproj", "{0E82027D-825E-4D7F-A0D6-D60BB5439678}"
EndProject
Project("{9A19103F-16F7-4668-BE54-9A1E7A4F7556}") = "zadanie14", "zadanie14\zadanie14.csproj", "{D4091889-6067-483B-B91F-E1F89CB19B82}"
EndProject
Project("{9A19103F-16F7-4668-BE54-9A1E7A4F7556}") = "zadanie11", "zadanie11\zadanie11.csproj", "{27730C0F-986A-493C-8C7A-1DEDAFC612FF}"
EndProject
Project("{9A19103F-16F7-4668-BE54-9A1E7A4F7556}") = "zadanie10", "zadanie10\zadanie10.csproj", "{0DDEED37-9C0A-4CD2-B3EE-EF8AEF705972}"
EndProject
Project("{9A19103F-16F7-4668-BE54-9A1E7A4F7556}") = "zadanie9", "zadanie9\zadanie9.csproj", "{C58CBB31-CE73-43FB-BEF9-370B9737D43D}"
EndProject
Project("{9A19103F-16F7-4668-BE54-9A1E7A4F7556}") = "paka", "paka\paka.csproj", "{CDFB9856-A8E3-4DC6-86EA-67B37899369B}"
EndProject
Project("{9A19103F-16F7-4668-BE54-9A1E7A4F7556}") = "zadanie3", "zadanie3\zadanie3.csproj", "{BC8D695D-7F17-4C0A-ACFE-78D32F3E7EAE}"
EndProject
Project("{9A19103F-16F7-4668-BE54-9A1E7A4F7556}") = "zadanie4", "zadanie4\zadanie4.csproj", "{6EF23F13-659E-4B59-8FAB-4F8B9E13FB5B}"
EndProject
Project("{9A19103F-16F7-4668-BE54-9A1E7A4F7556}") = "zadanie5", "zadanie5\zadanie5.csproj", "{83D7265C-1D65-4ED9-9F33-F699E2A25EAA}"
EndProject
Project("{9A19103F-16F7-4668-BE54-9A1E7A4F7556}") = "zadanie17", "zadanie17\zadanie17.csproj", "{BBEB6E12-29AF-4A8E-A117-86E6DE1A5EC3}"
EndProject
Project("{9A19103F-16F7-4668-BE54-9A1E7A4F7556}") = "zadanie8", "zadanie8\zadanie8.csproj", "{9763E7BE-20EF-43F8-9E25-A228C2126097}"
EndProject
Project("{9A19103F-16F7-4668-BE54-9A1E7A4F7556}") = "zadanie7", "zadanie7\zadanie7.csproj", "{46648902-DB34-4010-9B3F-C79EA52F377F}"
EndProject
Project("{9A19103F-16F7-4668-BE54-9A1E7A4F7556}") = "zadanie6", "zadanie6\zadanie6.csproj", "{CCD5CD2C-8678-41C3-931F-C84B4A2F13DE}"
EndProject
Project("{9A19103F-16F7-4668-BE54-9A1E7A4F7556}") = "WebApplication2", "WebApplication2\WebApplication2.csproj", "{95167D13-9B3B-47F3-B9FF-8D7C4F7F4AFB}"
EndProject
Project("{2150E333-8FDC-42A3-9474-1A3956D46DE8}") = "zadanie20", "zadanie20", "{6209D576-9303-4BC9-AB6B-0442A379BE0D}"
EndProject
Project("{FAE04EC0-301F-11D3-BF4B-00C04F79EFBC}") = "WebA", "WebA\WebA.csproj", "{95C8C209-3D47-4287-9C02-6A76926B3408}"
EndProject
Project("{FAE04EC0-301F-11D3-BF4B-00C04F79EFBC}") = "WebB", "WebB\WebB.csproj", "{936C2D18-A100-4105-A8F8-12C933A7FE6A}"
EndProject
Project("{FAE04EC0-301F-11D3-BF4B-00C04F79EFBC}") = "zadanie19", "zadanie19\zadanie19.csproj", "{DCBDABCC-EBA8-4B48-97FC-E4B52FD90CD7}"
EndProject
Project("{FAE04EC0-301F-11D3-BF4B-00C04F79EFBC}") = "zadanie15", "zadanie15\zadanie15.csproj", "{402ED726-9ACE-4337-B1F6-899407E684F3}"
EndProject
Project("{FAE04EC0-301F-11D3-BF4B-00C04F79EFBC}") = "zadanie16", "zadanie16\zadanie16.csproj", "{45D8B191-91D0-45AE-B3C1-1E8053778538}"
EndProject
Project("{FAE04EC0-301F-11D3-BF4B-00C04F79EFBC}") = "zadanie2", "zadanie2\zadanie2.csproj", "{29092BEC-587E-4983-80D8-3DF67F13B86F}"
EndProject
Project("{FAE04EC0-301F-11D3-BF4B-00C04F79EFBC}") = "zadanie1", "zadanie1\zadanie1.csproj", "{84BE7C41-1DB3-4B3E-807F-671520DDF6C6}"
EndProject
Global
	GlobalSection(SolutionConfigurationPlatforms) = preSolution
		Debug|Any CPU = Debug|Any CPU
		Release|Any CPU = Release|Any CPU
	EndGlobalSection
	GlobalSection(ProjectConfigurationPlatforms) = postSolution
		{0E82027D-825E-4D7F-A0D6-D60BB5439678}.Debug|Any CPU.ActiveCfg = Debug|Any CPU
		{0E82027D-825E-4D7F-A0D6-D60BB5439678}.Debug|Any CPU.Build.0 = Debug|Any CPU
		{0E82027D-825E-4D7F-A0D6-D60BB5439678}.Release|Any CPU.ActiveCfg = Release|Any CPU
		{0E82027D-825E-4D7F-A0D6-D60BB5439678}.Release|Any CPU.Build.0 = Release|Any CPU
		{D4091889-6067-483B-B91F-E1F89CB19B82}.Debug|Any CPU.ActiveCfg = Debug|Any CPU
		{D4091889-6067-483B-B91F-E1F89CB19B82}.Debug|Any CPU.Build.0 = Debug|Any CPU
		{D4091889-6067-483B-B91F-E1F89CB19B82}.Release|Any CPU.ActiveCfg = Release|Any CPU
		{D4091889-6067-483B-B91F-E1F89CB19B82}.Release|Any CPU.Build.0 = Release|Any CPU
		{27730C0F-986A-493C-8C7A-1DEDAFC612FF}.Debug|Any CPU.ActiveCfg = Debug|Any CPU
		{27730C0F-986A-493C-8C7A-1DEDAFC612FF}.Debug|Any CPU.Build.0 = Debug|Any CPU
		{27730C0F-986A-493C-8C7A-1DEDAFC612FF}.Release|Any CPU.ActiveCfg = Release|Any CPU
		{27730C0F-986A-493C-8C7A-1DEDAFC612FF}.Release|Any CPU.Build.0 = Release|Any CPU
		{0DDEED37-9C0A-4CD2-B3EE-EF8AEF705972}.Debug|Any CPU.ActiveCfg = Debug|Any CPU
		{0DDEED37-9C0A-4CD2-B3EE-EF8AEF705972}.Debug|Any CPU.Build.0 = Debug|Any CPU
		{0DDEED37-9C0A-4CD2-B3EE-EF8AEF705972}.Release|Any CPU.ActiveCfg = Release|Any CPU
		{0DDEED37-9C0A-4CD2-B3EE-EF8AEF705972}.Release|Any CPU.Build.0 = Release|Any CPU
		{C58CBB31-CE73-43FB-BEF9-370B9737D43D}.Debug|Any CPU.ActiveCfg = Debug|Any CPU
		{C58CBB31-CE73-43FB-BEF9-370B9737D43D}.Debug|Any CPU.Build.0 = Debug|Any CPU
		{C58CBB31-CE73-43FB-BEF9-370B9737D43D}.Release|Any CPU.ActiveCfg = Release|Any CPU
		{C58CBB31-CE73-43FB-BEF9-370B9737D43D}.Release|Any CPU.Build.0 = Release|Any CPU
		{CDFB9856-A8E3-4DC6-86EA-67B37899369B}.Debug|Any CPU.ActiveCfg = Debug|Any CPU
		{CDFB9856-A8E3-4DC6-86EA-67B37899369B}.Debug|Any CPU.Build.0 = Debug|Any CPU
		{CDFB9856-A8E3-4DC6-86EA-67B37899369B}.Release|Any CPU.ActiveCfg = Release|Any CPU
		{CDFB9856-A8E3-4DC6-86EA-67B37899369B}.Release|Any CPU.Build.0 = Release|Any CPU
		{BC8D695D-7F17-4C0A-ACFE-78D32F3E7EAE}.Debug|Any CPU.ActiveCfg = Debug|Any CPU
		{BC8D695D-7F17-4C0A-ACFE-78D32F3E7EAE}.Debug|Any CPU.Build.0 = Debug|Any CPU
		{BC8D695D-7F17-4C0A-ACFE-78D32F3E7EAE}.Release|Any CPU.ActiveCfg = Release|Any CPU
		{BC8D695D-7F17-4C0A-ACFE-78D32F3E7EAE}.Release|Any CPU.Build.0 = Release|Any CPU
		{6EF23F13-659E-4B59-8FAB-4F8B9E13FB5B}.Debug|Any CPU.ActiveCfg = Debug|Any CPU
		{6EF23F13-659E-4B59-8FAB-4F8B9E13FB5B}.Debug|Any CPU.Build.0 = Debug|Any CPU
		{6EF23F13-659E-4B59-8FAB-4F8B9E13FB5B}.Release|Any CPU.ActiveCfg = Release|Any CPU
		{6EF23F13-659E-4B59-8FAB-4F8B9E13FB5B}.Release|Any CPU.Build.0 = Release|Any CPU
		{83D7265C-1D65-4ED9-9F33-F699E2A25EAA}.Debug|Any CPU.ActiveCfg = Debug|Any CPU
		{83D7265C-1D65-4ED9-9F33-F699E2A25EAA}.Debug|Any CPU.Build.0 = Debug|Any CPU
		{83D7265C-1D65-4ED9-9F33-F699E2A25EAA}.Release|Any CPU.ActiveCfg = Release|Any CPU
		{83D7265C-1D65-4ED9-9F33-F699E2A25EAA}.Release|Any CPU.Build.0 = Release|Any CPU
		{BBEB6E12-29AF-4A8E-A117-86E6DE1A5EC3}.Debug|Any CPU.ActiveCfg = Debug|Any CPU
		{BBEB6E12-29AF-4A8E-A117-86E6DE1A5EC3}.Debug|Any CPU.Build.0 = Debug|Any CPU
		{BBEB6E12-29AF-4A8E-A117-86E6DE1A5EC3}.Release|Any CPU.ActiveCfg = Release|Any CPU
		{BBEB6E12-29AF-4A8E-A117-86E6DE1A5EC3}.Release|Any CPU.Build.0 = Release|Any CPU
		{9763E7BE-20EF-43F8-9E25-A228C2126097}.Debug|Any CPU.ActiveCfg = Debug|Any CPU
		{9763E7BE-20EF-43F8-9E25-A228C2126097}.Debug|Any CPU.Build.0 = Debug|Any CPU
		{9763E7BE-20EF-43F8-9E25-A228C2126097}.Release|Any CPU.ActiveCfg = Release|Any CPU
		{9763E7BE-20EF-43F8-9E25-A228C2126097}.Release|Any CPU.Build.0 = Release|Any CPU
		{46648902-DB34-4010-9B3F-C79EA52F377F}.Debug|Any CPU.ActiveCfg = Debug|Any CPU
		{46648902-DB34-4010-9B3F-C79EA52F377F}.Debug|Any CPU.Build.0 = Debug|Any CPU
		{46648902-DB34-4010-9B3F-C79EA52F377F}.Release|Any CPU.ActiveCfg = Release|Any CPU
		{46648902-DB34-4010-9B3F-C79EA52F377F}.Release|Any CPU.Build.0 = Release|Any CPU
		{CCD5CD2C-8678-41C3-931F-C84B4A2F13DE}.Debug|Any CPU.ActiveCfg = Debug|Any CPU
		{CCD5CD2C-8678-41C3-931F-C84B4A2F13DE}.Debug|Any CPU.Build.0 = Debug|Any CPU
		{CCD5CD2C-8678-41C3-931F-C84B4A2F13DE}.Release|Any CPU.ActiveCfg = Release|Any CPU
		{CCD5CD2C-8678-41C3-931F-C84B4A2F13DE}.Release|Any CPU.Build.0 = Release|Any CPU
		{95167D13-9B3B-47F3-B9FF-8D7C4F7F4AFB}.Debug|Any CPU.ActiveCfg = Debug|Any CPU
		{95167D13-9B3B-47F3-B9FF-8D7C4F7F4AFB}.Debug|Any CPU.Build.0 = Debug|Any CPU
		{95167D13-9B3B-47F3-B9FF-8D7C4F7F4AFB}.Release|Any CPU.ActiveCfg = Release|Any CPU
		{95167D13-9B3B-47F3-B9FF-8D7C4F7F4AFB}.Release|Any CPU.Build.0 = Release|Any CPU
		{95C8C209-3D47-4287-9C02-6A76926B3408}.Debug|Any CPU.ActiveCfg = Debug|Any CPU
		{95C8C209-3D47-4287-9C02-6A76926B3408}.Debug|Any CPU.Build.0 = Debug|Any CPU
		{95C8C209-3D47-4287-9C02-6A76926B3408}.Release|Any CPU.ActiveCfg = Release|Any CPU
		{95C8C209-3D47-4287-9C02-6A76926B3408}.Release|Any CPU.Build.0 = Release|Any CPU
		{936C2D18-A100-4105-A8F8-12C933A7FE6A}.Debug|Any CPU.ActiveCfg = Debug|Any CPU
		{936C2D18-A100-4105-A8F8-12C933A7FE6A}.Debug|Any CPU.Build.0 = Debug|Any CPU
		{936C2D18-A100-4105-A8F8-12C933A7FE6A}.Release|Any CPU.ActiveCfg = Release|Any CPU
		{936C2D18-A100-4105-A8F8-12C933A7FE6A}.Release|Any CPU.Build.0 = Release|Any CPU
		{DCBDABCC-EBA8-4B48-97FC-E4B52FD90CD7}.Debug|Any CPU.ActiveCfg = Debug|Any CPU
		{DCBDABCC-EBA8-4B48-97FC-E4B52FD90CD7}.Debug|Any CPU.Build.0 = Debug|Any CPU
		{DCBDABCC-EBA8-4B48-97FC-E4B52FD90CD7}.Release|Any CPU.ActiveCfg = Release|Any CPU
		{DCBDABCC-EBA8-4B48-97FC-E4B52FD90CD7}.Release|Any CPU.Build.0 = Release|Any CPU
		{402ED726-9ACE-4337-B1F6-899407E684F3}.Debug|Any CPU.ActiveCfg = Debug|Any CPU
		{402ED726-9ACE-4337-B1F6-899407E684F3}.Debug|Any CPU.Build.0 = Debug|Any CPU
		{402ED726-9ACE-4337-B1F6-899407E684F3}.Release|Any CPU.ActiveCfg = Release|Any CPU
		{402ED726-9ACE-4337-B1F6-899407E684F3}.Release|Any CPU.Build.0 = Release|Any CPU
		{45D8B191-91D0-45AE-B3C1-1E8053778538}.Debug|Any CPU.ActiveCfg = Debug|Any CPU
		{45D8B191-91D0-45AE-B3C1-1E8053778538}.Debug|Any CPU.Build.0 = Debug|Any CPU
		{45D8B191-91D0-45AE-B3C1-1E8053778538}.Release|Any CPU.ActiveCfg = Release|Any CPU
		{45D8B191-91D0-45AE-B3C1-1E8053778538}.Release|Any CPU.Build.0 = Release|Any CPU
		{29092BEC-587E-4983-80D8-3DF67F13B86F}.Debug|Any CPU.ActiveCfg = Debug|Any CPU
		{29092BEC-587E-4983-80D8-3DF67F13B86F}.Debug|Any CPU.Build.0 = Debug|Any CPU
		{29092BEC-587E-4983-80D8-3DF67F13B86F}.Release|Any CPU.ActiveCfg = Release|Any CPU
		{29092BEC-587E-4983-80D8-3DF67F13B86F}.Release|Any CPU.Build.0 = Release|Any CPU
		{84BE7C41-1DB3-4B3E-807F-671520DDF6C6}.Debug|Any CPU.ActiveCfg = Debug|Any CPU
		{84BE7C41-1DB3-4B3E-807F-671520DDF6C6}.Debug|Any CPU.Build.0 = Debug|Any CPU
		{84BE7C41-1DB3-4B3E-807F-671520DDF6C6}.Release|Any CPU.ActiveCfg = Release|Any CPU
		{84BE7C41-1DB3-4B3E-807F-671520DDF6C6}.Release|Any CPU.Build.0 = Release|Any CPU
	EndGlobalSection
	GlobalSection(SolutionProperties) = preSolution
		HideSolutionNode = FALSE
	EndGlobalSection
	GlobalSection(NestedProjects) = preSolution
		{95C8C209-3D47-4287-9C02-6A76926B3408} = {6209D576-9303-4BC9-AB6B-0442A379BE0D}
		{936C2D18-A100-4105-A8F8-12C933A7FE6A} = {6209D576-9303-4BC9-AB6B-0442A379BE0D}
	EndGlobalSection
	GlobalSection(ExtensibilityGlobals) = postSolution
		SolutionGuid = {97AF24CF-0BB9-4E83-80D8-E0FEEFB1AA24}
	EndGlobalSection
EndGlobal
